
Microsoft Visual Studio Solution File, Format Version 12.00
# Visual Studio Version 17
VisualStudioVersion = 17.3.32825.248
MinimumVisualStudioVersion = 10.0.40219.1
Project("{FAE04EC0-301F-11D3-BF4B-00C04F79EFBC}") = "u21443026_HW03FinalProject1", "u21443026_HW03FinalProject1\u21443026_HW03FinalProject1.csproj", "{EAF56FB1-092C-46B5-A90A-98155625499A}"
EndProject
Global
	GlobalSection(SolutionConfigurationPlatforms) = preSolution
		Debug|Any CPU = Debug|Any CPU
		Release|Any CPU = Release|Any CPU
	EndGlobalSection
	GlobalSection(ProjectConfigurationPlatforms) = postSolution
		{EAF56FB1-092C-46B5-A90A-98155625499A}.Debug|Any CPU.ActiveCfg = Debug|Any CPU
		{EAF56FB1-092C-46B5-A90A-98155625499A}.Debug|Any CPU.Build.0 = Debug|Any CPU
		{EAF56FB1-092C-46B5-A90A-98155625499A}.Release|Any CPU.ActiveCfg = Release|Any CPU
		{EAF56FB1-092C-46B5-A90A-98155625499A}.Release|Any CPU.Build.0 = Release|Any CPU
	EndGlobalSection
	GlobalSection(SolutionProperties) = preSolution
		HideSolutionNode = FALSE
	EndGlobalSection
	GlobalSection(ExtensibilityGlobals) = postSolution
		SolutionGuid = {E144BB32-D98C-4F6C-A139-E1CFE2010B17}
	EndGlobalSection
EndGlobal
